
Microsoft Visual Studio Solution File, Format Version 12.00
# Visual Studio Version 17
VisualStudioVersion = 17.0.31717.71
MinimumVisualStudioVersion = 10.0.40219.1
Project("{FAE04EC0-301F-11D3-BF4B-00C04F79EFBC}") = "RectangleFormula", "RectangleFormula.csproj", "{AE1B88C3-E704-486A-9013-C600F2DCED49}"
EndProject
Global
	GlobalSection(SolutionConfigurationPlatforms) = preSolution
		Debug|Any CPU = Debug|Any CPU
		Release|Any CPU = Release|Any CPU
	EndGlobalSection
	GlobalSection(ProjectConfigurationPlatforms) = postSolution
		{AE1B88C3-E704-486A-9013-C600F2DCED49}.Debug|Any CPU.ActiveCfg = Debug|Any CPU
		{AE1B88C3-E704-486A-9013-C600F2DCED49}.Debug|Any CPU.Build.0 = Debug|Any CPU
		{AE1B88C3-E704-486A-9013-C600F2DCED49}.Release|Any CPU.ActiveCfg = Release|Any CPU
		{AE1B88C3-E704-486A-9013-C600F2DCED49}.Release|Any CPU.Build.0 = Release|Any CPU
	EndGlobalSection
	GlobalSection(SolutionProperties) = preSolution
		HideSolutionNode = FALSE
	EndGlobalSection
	GlobalSection(ExtensibilityGlobals) = postSolution
		SolutionGuid = {680DC07F-38FB-4B00-9406-A93F63D678A0}
	EndGlobalSection
EndGlobal
